
Microsoft Visual Studio Solution File, Format Version 12.00
# Visual Studio Version 17
VisualStudioVersion = 17.8.34525.116
MinimumVisualStudioVersion = 10.0.40219.1
Project("{9A19103F-16F7-4668-BE54-9A1E7A4F7556}") = "MyShop.Web", "MyShop.Web\MyShop.Web.csproj", "{1FAA857F-A9A8-490B-A5EA-B180380A86A6}"
EndProject
Project("{9A19103F-16F7-4668-BE54-9A1E7A4F7556}") = "MyShop.DataAccess", "MyShop.DataAccess\MyShop.DataAccess.csproj", "{133C4203-BE1B-44F3-BFDB-308F7621C720}"
EndProject
Project("{9A19103F-16F7-4668-BE54-9A1E7A4F7556}") = "MyShop.Entities", "MyShop.Entities\MyShop.Entities.csproj", "{2749A886-73F7-4D5D-9DEC-F05C9CAFB91B}"
EndProject
Project("{FAE04EC0-301F-11D3-BF4B-00C04F79EFBC}") = "MyShop.Utilities", "MyShop.Utilities\MyShop.Utilities.csproj", "{F77FD146-6DFE-420F-8ACE-942E5A068BA0}"
EndProject
Global
	GlobalSection(SolutionConfigurationPlatforms) = preSolution
		Debug|Any CPU = Debug|Any CPU
		Release|Any CPU = Release|Any CPU
	EndGlobalSection
	GlobalSection(ProjectConfigurationPlatforms) = postSolution
		{1FAA857F-A9A8-490B-A5EA-B180380A86A6}.Debug|Any CPU.ActiveCfg = Debug|Any CPU
		{1FAA857F-A9A8-490B-A5EA-B180380A86A6}.Debug|Any CPU.Build.0 = Debug|Any CPU
		{1FAA857F-A9A8-490B-A5EA-B180380A86A6}.Release|Any CPU.ActiveCfg = Release|Any CPU
		{1FAA857F-A9A8-490B-A5EA-B180380A86A6}.Release|Any CPU.Build.0 = Release|Any CPU
		{133C4203-BE1B-44F3-BFDB-308F7621C720}.Debug|Any CPU.ActiveCfg = Debug|Any CPU
		{133C4203-BE1B-44F3-BFDB-308F7621C720}.Debug|Any CPU.Build.0 = Debug|Any CPU
		{133C4203-BE1B-44F3-BFDB-308F7621C720}.Release|Any CPU.ActiveCfg = Release|Any CPU
		{133C4203-BE1B-44F3-BFDB-308F7621C720}.Release|Any CPU.Build.0 = Release|Any CPU
		{2749A886-73F7-4D5D-9DEC-F05C9CAFB91B}.Debug|Any CPU.ActiveCfg = Debug|Any CPU
		{2749A886-73F7-4D5D-9DEC-F05C9CAFB91B}.Debug|Any CPU.Build.0 = Debug|Any CPU
		{2749A886-73F7-4D5D-9DEC-F05C9CAFB91B}.Release|Any CPU.ActiveCfg = Release|Any CPU
		{2749A886-73F7-4D5D-9DEC-F05C9CAFB91B}.Release|Any CPU.Build.0 = Release|Any CPU
		{F77FD146-6DFE-420F-8ACE-942E5A068BA0}.Debug|Any CPU.ActiveCfg = Debug|Any CPU
		{F77FD146-6DFE-420F-8ACE-942E5A068BA0}.Debug|Any CPU.Build.0 = Debug|Any CPU
		{F77FD146-6DFE-420F-8ACE-942E5A068BA0}.Release|Any CPU.ActiveCfg = Release|Any CPU
		{F77FD146-6DFE-420F-8ACE-942E5A068BA0}.Release|Any CPU.Build.0 = Release|Any CPU
	EndGlobalSection
	GlobalSection(SolutionProperties) = preSolution
		HideSolutionNode = FALSE
	EndGlobalSection
	GlobalSection(ExtensibilityGlobals) = postSolution
		SolutionGuid = {64D4F5A8-C2B6-43F0-9A4F-CA5B116A05F4}
	EndGlobalSection
EndGlobal
